// !$*UTF8*$!
{
	archiveVersion = 1;
	classes = {
	};
	objectVersion = 48;
	objects = {

/* Begin PBXBuildFile section */
		54F64CC51FB44C62006F1064 /* AppDelegate.swift in Sources */ = {isa = PBXBuildFile; fileRef = 54F64CC41FB44C62006F1064 /* AppDelegate.swift */; };
		54F64CC71FB44C62006F1064 /* ViewController.swift in Sources */ = {isa = PBXBuildFile; fileRef = 54F64CC61FB44C62006F1064 /* ViewController.swift */; };
		54F64CCA1FB44C62006F1064 /* Main.storyboard in Resources */ = {isa = PBXBuildFile; fileRef = 54F64CC81FB44C62006F1064 /* Main.storyboard */; };
		54F64CCC1FB44C62006F1064 /* Assets.xcassets in Resources */ = {isa = PBXBuildFile; fileRef = 54F64CCB1FB44C62006F1064 /* Assets.xcassets */; };
		54F64CCF1FB44C62006F1064 /* LaunchScreen.storyboard in Resources */ = {isa = PBXBuildFile; fileRef = 54F64CCD1FB44C62006F1064 /* LaunchScreen.storyboard */; };
		54F64CD71FB483F4006F1064 /* Contents.json in Resources */ = {isa = PBXBuildFile; fileRef = 54F64CD61FB483F4006F1064 /* Contents.json */; };
		54F64CD91FB484FE006F1064 /* Assets.xcassets in Resources */ = {isa = PBXBuildFile; fileRef = 54F64CD81FB484FE006F1064 /* Assets.xcassets */; };
		54F64CE21FB4850B006F1064 /* Tree 7.pdf in Resources */ = {isa = PBXBuildFile; fileRef = 54F64CDA1FB4850B006F1064 /* Tree 7.pdf */; };
		54F64CE31FB4850B006F1064 /* Tree 3.pdf in Resources */ = {isa = PBXBuildFile; fileRef = 54F64CDB1FB4850B006F1064 /* Tree 3.pdf */; };
		54F64CE41FB4850B006F1064 /* Tree 5.pdf in Resources */ = {isa = PBXBuildFile; fileRef = 54F64CDC1FB4850B006F1064 /* Tree 5.pdf */; };
		54F64CE51FB4850B006F1064 /* Tree 6.pdf in Resources */ = {isa = PBXBuildFile; fileRef = 54F64CDD1FB4850B006F1064 /* Tree 6.pdf */; };
		54F64CE61FB4850B006F1064 /* Tree 1.pdf in Resources */ = {isa = PBXBuildFile; fileRef = 54F64CDE1FB4850B006F1064 /* Tree 1.pdf */; };
		54F64CE71FB4850B006F1064 /* Tree 0.pdf in Resources */ = {isa = PBXBuildFile; fileRef = 54F64CDF1FB4850B006F1064 /* Tree 0.pdf */; };
		54F64CE81FB4850B006F1064 /* Tree 4.pdf in Resources */ = {isa = PBXBuildFile; fileRef = 54F64CE01FB4850B006F1064 /* Tree 4.pdf */; };
		54F64CE91FB4850B006F1064 /* Tree 2.pdf in Resources */ = {isa = PBXBuildFile; fileRef = 54F64CE11FB4850B006F1064 /* Tree 2.pdf */; };
		54F64CEB1FB49B2D006F1064 /* game.swift in Sources */ = {isa = PBXBuildFile; fileRef = 54F64CEA1FB49B2D006F1064 /* game.swift */; };
/* End PBXBuildFile section */

/* Begin PBXFileReference section */
		54F64CC11FB44C62006F1064 /* Apple pie.app */ = {isa = PBXFileReference; explicitFileType = wrapper.application; includeInIndex = 0; path = "Apple pie.app"; sourceTree = BUILT_PRODUCTS_DIR; };
		54F64CC41FB44C62006F1064 /* AppDelegate.swift */ = {isa = PBXFileReference; lastKnownFileType = sourcecode.swift; path = AppDelegate.swift; sourceTree = "<group>"; };
		54F64CC61FB44C62006F1064 /* ViewController.swift */ = {isa = PBXFileReference; lastKnownFileType = sourcecode.swift; path = ViewController.swift; sourceTree = "<group>"; };
		54F64CC91FB44C62006F1064 /* Base */ = {isa = PBXFileReference; lastKnownFileType = file.storyboard; name = Base; path = Base.lproj/Main.storyboard; sourceTree = "<group>"; };
		54F64CCB1FB44C62006F1064 /* Assets.xcassets */ = {isa = PBXFileReference; lastKnownFileType = folder.assetcatalog; path = Assets.xcassets; sourceTree = "<group>"; };
		54F64CCE1FB44C62006F1064 /* Base */ = {isa = PBXFileReference; lastKnownFileType = file.storyboard; name = Base; path = Base.lproj/LaunchScreen.storyboard; sourceTree = "<group>"; };
		54F64CD01FB44C62006F1064 /* Info.plist */ = {isa = PBXFileReference; lastKnownFileType = text.plist.xml; path = Info.plist; sourceTree = "<group>"; };
		54F64CD61FB483F4006F1064 /* Contents.json */ = {isa = PBXFileReference; fileEncoding = 4; lastKnownFileType = text.json; name = Contents.json; path = Assets.xcassets/AppIcon.appiconset/Contents.json; sourceTree = "<group>"; };
		54F64CD81FB484FE006F1064 /* Assets.xcassets */ = {isa = PBXFileReference; lastKnownFileType = folder.assetcatalog; path = Assets.xcassets; sourceTree = "<group>"; };
		54F64CDA1FB4850B006F1064 /* Tree 7.pdf */ = {isa = PBXFileReference; lastKnownFileType = image.pdf; name = "Tree 7.pdf"; path = "Assets.xcassets/Tree 7.pdf"; sourceTree = "<group>"; };
		54F64CDB1FB4850B006F1064 /* Tree 3.pdf */ = {isa = PBXFileReference; lastKnownFileType = image.pdf; name = "Tree 3.pdf"; path = "Assets.xcassets/Tree 3.pdf"; sourceTree = "<group>"; };
		54F64CDC1FB4850B006F1064 /* Tree 5.pdf */ = {isa = PBXFileReference; lastKnownFileType = image.pdf; name = "Tree 5.pdf"; path = "Assets.xcassets/Tree 5.pdf"; sourceTree = "<group>"; };
		54F64CDD1FB4850B006F1064 /* Tree 6.pdf */ = {isa = PBXFileReference; lastKnownFileType = image.pdf; name = "Tree 6.pdf"; path = "Assets.xcassets/Tree 6.pdf"; sourceTree = "<group>"; };
		54F64CDE1FB4850B006F1064 /* Tree 1.pdf */ = {isa = PBXFileReference; lastKnownFileType = image.pdf; name = "Tree 1.pdf"; path = "Assets.xcassets/Tree 1.pdf"; sourceTree = "<group>"; };
		54F64CDF1FB4850B006F1064 /* Tree 0.pdf */ = {isa = PBXFileReference; lastKnownFileType = image.pdf; name = "Tree 0.pdf"; path = "Assets.xcassets/Tree 0.pdf"; sourceTree = "<group>"; };
		54F64CE01FB4850B006F1064 /* Tree 4.pdf */ = {isa = PBXFileReference; lastKnownFileType = image.pdf; name = "Tree 4.pdf"; path = "Assets.xcassets/Tree 4.pdf"; sourceTree = "<group>"; };
		54F64CE11FB4850B006F1064 /* Tree 2.pdf */ = {isa = PBXFileReference; lastKnownFileType = image.pdf; name = "Tree 2.pdf"; path = "Assets.xcassets/Tree 2.pdf"; sourceTree = "<group>"; };
		54F64CEA1FB49B2D006F1064 /* game.swift */ = {isa = PBXFileReference; lastKnownFileType = sourcecode.swift; path = game.swift; sourceTree = "<group>"; };
/* End PBXFileReference section */

/* Begin PBXFrameworksBuildPhase section */
		54F64CBE1FB44C62006F1064 /* Frameworks */ = {
			isa = PBXFrameworksBuildPhase;
			buildActionMask = 2147483647;
			files = (
			);
			runOnlyForDeploymentPostprocessing = 0;
		};
/* End PBXFrameworksBuildPhase section */

/* Begin PBXGroup section */
		54F64CB81FB44C62006F1064 = {
			isa = PBXGroup;
			children = (
				54F64CC31FB44C62006F1064 /* Apple pie */,
				54F64CC21FB44C62006F1064 /* Products */,
			);
			sourceTree = "<group>";
		};
		54F64CC21FB44C62006F1064 /* Products */ = {
			isa = PBXGroup;
			children = (
				54F64CC11FB44C62006F1064 /* Apple pie.app */,
			);
			name = Products;
			sourceTree = "<group>";
		};
		54F64CC31FB44C62006F1064 /* Apple pie */ = {
			isa = PBXGroup;
			children = (
				54F64CC41FB44C62006F1064 /* AppDelegate.swift */,
				54F64CC61FB44C62006F1064 /* ViewController.swift */,
				54F64CC81FB44C62006F1064 /* Main.storyboard */,
				54F64CEA1FB49B2D006F1064 /* game.swift */,
				54F64CDE1FB4850B006F1064 /* Tree 1.pdf */,
				54F64CE11FB4850B006F1064 /* Tree 2.pdf */,
				54F64CDB1FB4850B006F1064 /* Tree 3.pdf */,
				54F64CE01FB4850B006F1064 /* Tree 4.pdf */,
				54F64CDF1FB4850B006F1064 /* Tree 0.pdf */,
				54F64CDC1FB4850B006F1064 /* Tree 5.pdf */,
				54F64CDD1FB4850B006F1064 /* Tree 6.pdf */,
				54F64CDA1FB4850B006F1064 /* Tree 7.pdf */,
				54F64CD81FB484FE006F1064 /* Assets.xcassets */,
				54F64CD61FB483F4006F1064 /* Contents.json */,
				54F64CCB1FB44C62006F1064 /* Assets.xcassets */,
				54F64CCD1FB44C62006F1064 /* LaunchScreen.storyboard */,
				54F64CD01FB44C62006F1064 /* Info.plist */,
			);
			path = "Apple pie";
			sourceTree = "<group>";
		};
/* End PBXGroup section */

/* Begin PBXNativeTarget section */
		54F64CC01FB44C62006F1064 /* Apple pie */ = {
			isa = PBXNativeTarget;
			buildConfigurationList = 54F64CD31FB44C62006F1064 /* Build configuration list for PBXNativeTarget "Apple pie" */;
			buildPhases = (
				54F64CBD1FB44C62006F1064 /* Sources */,
				54F64CBE1FB44C62006F1064 /* Frameworks */,
				54F64CBF1FB44C62006F1064 /* Resources */,
			);
			buildRules = (
			);
			dependencies = (
			);
			name = "Apple pie";
			productName = "Apple pie";
			productReference = 54F64CC11FB44C62006F1064 /* Apple pie.app */;
			productType = "com.apple.product-type.application";
		};
/* End PBXNativeTarget section */

/* Begin PBXProject section */
		54F64CB91FB44C62006F1064 /* Project object */ = {
			isa = PBXProject;
			attributes = {
				LastSwiftUpdateCheck = 0910;
				LastUpgradeCheck = 0910;
				ORGANIZATIONNAME = "Eloy Testerink";
				TargetAttributes = {
					54F64CC01FB44C62006F1064 = {
						CreatedOnToolsVersion = 9.1;
						ProvisioningStyle = Automatic;
					};
				};
			};
			buildConfigurationList = 54F64CBC1FB44C62006F1064 /* Build configuration list for PBXProject "Apple pie" */;
			compatibilityVersion = "Xcode 8.0";
			developmentRegion = en;
			hasScannedForEncodings = 0;
			knownRegions = (
				en,
				Base,
			);
			mainGroup = 54F64CB81FB44C62006F1064;
			productRefGroup = 54F64CC21FB44C62006F1064 /* Products */;
			projectDirPath = "";
			projectRoot = "";
			targets = (
				54F64CC01FB44C62006F1064 /* Apple pie */,
			);
		};
/* End PBXProject section */

/* Begin PBXResourcesBuildPhase section */
		54F64CBF1FB44C62006F1064 /* Resources */ = {
			isa = PBXResourcesBuildPhase;
			buildActionMask = 2147483647;
			files = (
				54F64CCF1FB44C62006F1064 /* LaunchScreen.storyboard in Resources */,
				54F64CE31FB4850B006F1064 /* Tree 3.pdf in Resources */,
				54F64CE81FB4850B006F1064 /* Tree 4.pdf in Resources */,
				54F64CCC1FB44C62006F1064 /* Assets.xcassets in Resources */,
				54F64CCA1FB44C62006F1064 /* Main.storyboard in Resources */,
				54F64CE71FB4850B006F1064 /* Tree 0.pdf in Resources */,
				54F64CD71FB483F4006F1064 /* Contents.json in Resources */,
				54F64CE61FB4850B006F1064 /* Tree 1.pdf in Resources */,
				54F64CD91FB484FE006F1064 /* Assets.xcassets in Resources */,
				54F64CE51FB4850B006F1064 /* Tree 6.pdf in Resources */,
				54F64CE91FB4850B006F1064 /* Tree 2.pdf in Resources */,
				54F64CE21FB4850B006F1064 /* Tree 7.pdf in Resources */,
				54F64CE41FB4850B006F1064 /* Tree 5.pdf in Resources */,
			);
			runOnlyForDeploymentPostprocessing = 0;
		};
/* End PBXResourcesBuildPhase section */

/* Begin PBXSourcesBuildPhase section */
		54F64CBD1FB44C62006F1064 /* Sources */ = {
			isa = PBXSourcesBuildPhase;
			buildActionMask = 2147483647;
			files = (
				54F64CEB1FB49B2D006F1064 /* game.swift in Sources */,
				54F64CC71FB44C62006F1064 /* ViewController.swift in Sources */,
				54F64CC51FB44C62006F1064 /* AppDelegate.swift in Sources */,
			);
			runOnlyForDeploymentPostprocessing = 0;
		};
/* End PBXSourcesBuildPhase section */

/* Begin PBXVariantGroup section */
		54F64CC81FB44C62006F1064 /* Main.storyboard */ = {
			isa = PBXVariantGroup;
			children = (
				54F64CC91FB44C62006F1064 /* Base */,
			);
			name = Main.storyboard;
			sourceTree = "<group>";
		};
		54F64CCD1FB44C62006F1064 /* LaunchScreen.storyboard */ = {
			isa = PBXVariantGroup;
			children = (
				54F64CCE1FB44C62006F1064 /* Base */,
			);
			name = LaunchScreen.storyboard;
			sourceTree = "<group>";
		};
/* End PBXVariantGroup section */

/* Begin XCBuildConfiguration section */
		54F64CD11FB44C62006F1064 /* Debug */ = {
			isa = XCBuildConfiguration;
			buildSettings = {
				ALWAYS_SEARCH_USER_PATHS = NO;
				CLANG_ANALYZER_NONNULL = YES;
				CLANG_ANALYZER_NUMBER_OBJECT_CONVERSION = YES_AGGRESSIVE;
				CLANG_CXX_LANGUAGE_STANDARD = "gnu++14";
				CLANG_CXX_LIBRARY = "libc++";
				CLANG_ENABLE_MODULES = YES;
				CLANG_ENABLE_OBJC_ARC = YES;
				CLANG_WARN_BLOCK_CAPTURE_AUTORELEASING = YES;
				CLANG_WARN_BOOL_CONVERSION = YES;
				CLANG_WARN_COMMA = YES;
				CLANG_WARN_CONSTANT_CONVERSION = YES;
				CLANG_WARN_DIRECT_OBJC_ISA_USAGE = YES_ERROR;
				CLANG_WARN_DOCUMENTATION_COMMENTS = YES;
				CLANG_WARN_EMPTY_BODY = YES;
				CLANG_WARN_ENUM_CONVERSION = YES;
				CLANG_WARN_INFINITE_RECURSION = YES;
				CLANG_WARN_INT_CONVERSION = YES;
				CLANG_WARN_NON_LITERAL_NULL_CONVERSION = YES;
				CLANG_WARN_OBJC_LITERAL_CONVERSION = YES;
				CLANG_WARN_OBJC_ROOT_CLASS = YES_ERROR;
				CLANG_WARN_RANGE_LOOP_ANALYSIS = YES;
				CLANG_WARN_STRICT_PROTOTYPES = YES;
				CLANG_WARN_SUSPICIOUS_MOVE = YES;
				CLANG_WARN_UNGUARDED_AVAILABILITY = YES_AGGRESSIVE;
				CLANG_WARN_UNREACHABLE_CODE = YES;
				CLANG_WARN__DUPLICATE_METHOD_MATCH = YES;
				CODE_SIGN_IDENTITY = "iPhone Developer";
				COPY_PHASE_STRIP = NO;
				DEBUG_INFORMATION_FORMAT = dwarf;
				ENABLE_STRICT_OBJC_MSGSEND = YES;
				ENABLE_TESTABILITY = YES;
				GCC_C_LANGUAGE_STANDARD = gnu11;
				GCC_DYNAMIC_NO_PIC = NO;
				GCC_NO_COMMON_BLOCKS = YES;
				GCC_OPTIMIZATION_LEVEL = 0;
				GCC_PREPROCESSOR_DEFINITIONS = (
					"DEBUG=1",
					"$(inherited)",
				);
				GCC_WARN_64_TO_32_BIT_CONVERSION = YES;
				GCC_WARN_ABOUT_RETURN_TYPE = YES_ERROR;
				GCC_WARN_UNDECLARED_SELECTOR = YES;
				GCC_WARN_UNINITIALIZED_AUTOS = YES_AGGRESSIVE;
				GCC_WARN_UNUSED_FUNCTION = YES;
				GCC_WARN_UNUSED_VARIABLE = YES;
				IPHONEOS_DEPLOYMENT_TARGET = 11.1;
				MTL_ENABLE_DEBUG_INFO = YES;
				ONLY_ACTIVE_ARCH = YES;
				SDKROOT = iphoneos;
				SWIFT_ACTIVE_COMPILATION_CONDITIONS = DEBUG;
				SWIFT_OPTIMIZATION_LEVEL = "-Onone";
			};
			name = Debug;
		};
		54F64CD21FB44C62006F1064 /* Release */ = {
			isa = XCBuildConfiguration;
			buildSettings = {
				ALWAYS_SEARCH_USER_PATHS = NO;
				CLANG_ANALYZER_NONNULL = YES;
				CLANG_ANALYZER_NUMBER_OBJECT_CONVERSION = YES_AGGRESSIVE;
				CLANG_CXX_LANGUAGE_STANDARD = "gnu++14";
				CLANG_CXX_LIBRARY = "libc++";
				CLANG_ENABLE_MODULES = YES;
				CLANG_ENABLE_OBJC_ARC = YES;
				CLANG_WARN_BLOCK_CAPTURE_AUTORELEASING = YES;
				CLANG_WARN_BOOL_CONVERSION = YES;
				CLANG_WARN_COMMA = YES;
				CLANG_WARN_CONSTANT_CONVERSION = YES;
				CLANG_WARN_DIRECT_OBJC_ISA_USAGE = YES_ERROR;
				CLANG_WARN_DOCUMENTATION_COMMENTS = YES;
				CLANG_WARN_EMPTY_BODY = YES;
				CLANG_WARN_ENUM_CONVERSION = YES;
				CLANG_WARN_INFINITE_RECURSION = YES;
				CLANG_WARN_INT_CONVERSION = YES;
				CLANG_WARN_NON_LITERAL_NULL_CONVERSION = YES;
				CLANG_WARN_OBJC_LITERAL_CONVERSION = YES;
				CLANG_WARN_OBJC_ROOT_CLASS = YES_ERROR;
				CLANG_WARN_RANGE_LOOP_ANALYSIS = YES;
				CLANG_WARN_STRICT_PROTOTYPES = YES;
				CLANG_WARN_SUSPICIOUS_MOVE = YES;
				CLANG_WARN_UNGUARDED_AVAILABILITY = YES_AGGRESSIVE;
				CLANG_WARN_UNREACHABLE_CODE = YES;
				CLANG_WARN__DUPLICATE_METHOD_MATCH = YES;
				CODE_SIGN_IDENTITY = "iPhone Developer";
				COPY_PHASE_STRIP = NO;
				DEBUG_INFORMATION_FORMAT = "dwarf-with-dsym";
				ENABLE_NS_ASSERTIONS = NO;
				ENABLE_STRICT_OBJC_MSGSEND = YES;
				GCC_C_LANGUAGE_STANDARD = gnu11;
				GCC_NO_COMMON_BLOCKS = YES;
				GCC_WARN_64_TO_32_BIT_CONVERSION = YES;
				GCC_WARN_ABOUT_RETURN_TYPE = YES_ERROR;
				GCC_WARN_UNDECLARED_SELECTOR = YES;
				GCC_WARN_UNINITIALIZED_AUTOS = YES_AGGRESSIVE;
				GCC_WARN_UNUSED_FUNCTION = YES;
				GCC_WARN_UNUSED_VARIABLE = YES;
				IPHONEOS_DEPLOYMENT_TARGET = 11.1;
				MTL_ENABLE_DEBUG_INFO = NO;
				SDKROOT = iphoneos;
				SWIFT_OPTIMIZATION_LEVEL = "-Owholemodule";
				VALIDATE_PRODUCT = YES;
			};
			name = Release;
		};
		54F64CD41FB44C62006F1064 /* Debug */ = {
			isa = XCBuildConfiguration;
			buildSettings = {
				ASSETCATALOG_COMPILER_APPICON_NAME = AppIcon;
				CODE_SIGN_STYLE = Automatic;
				INFOPLIST_FILE = "Apple pie/Info.plist";
				LD_RUNPATH_SEARCH_PATHS = "$(inherited) @executable_path/Frameworks";
				PRODUCT_BUNDLE_IDENTIFIER = "ET.Apple-pie";
				PRODUCT_NAME = "$(TARGET_NAME)";
				SWIFT_VERSION = 4.0;
				TARGETED_DEVICE_FAMILY = 2;
			};
			name = Debug;
		};
		54F64CD51FB44C62006F1064 /* Release */ = {
			isa = XCBuildConfiguration;
			buildSettings = {
				ASSETCATALOG_COMPILER_APPICON_NAME = AppIcon;
				CODE_SIGN_STYLE = Automatic;
				INFOPLIST_FILE = "Apple pie/Info.plist";
				LD_RUNPATH_SEARCH_PATHS = "$(inherited) @executable_path/Frameworks";
				PRODUCT_BUNDLE_IDENTIFIER = "ET.Apple-pie";
				PRODUCT_NAME = "$(TARGET_NAME)";
				SWIFT_VERSION = 4.0;
				TARGETED_DEVICE_FAMILY = 2;
			};
			name = Release;
		};
/* End XCBuildConfiguration section */

/* Begin XCConfigurationList section */
		54F64CBC1FB44C62006F1064 /* Build configuration list for PBXProject "Apple pie" */ = {
			isa = XCConfigurationList;
			buildConfigurations = (
				54F64CD11FB44C62006F1064 /* Debug */,
				54F64CD21FB44C62006F1064 /* Release */,
			);
			defaultConfigurationIsVisible = 0;
			defaultConfigurationName = Release;
		};
		54F64CD31FB44C62006F1064 /* Build configuration list for PBXNativeTarget "Apple pie" */ = {
			isa = XCConfigurationList;
			buildConfigurations = (
				54F64CD41FB44C62006F1064 /* Debug */,
				54F64CD51FB44C62006F1064 /* Release */,
			);
			defaultConfigurationIsVisible = 0;
			defaultConfigurationName = Release;
		};
/* End XCConfigurationList section */
	};
	rootObject = 54F64CB91FB44C62006F1064 /* Project object */;
}
